# This file is automatically @generated by Cargo.
# It is not intended for manual editing.
version = 4

[[package]]
name = "aurora-wall-backend-api"
version = "0.1.0"

[[package]]
name = "aurora-wall-backend-desktop"
version = "0.1.0"
dependencies = [
 "aurora-wall-backend-api",
]

[[package]]
name = "aurora-wall-backend-hyprland"
version = "0.1.0"
dependencies = [
 "aurora-wall-backend-api",
]

[[package]]
name = "aurora-wall-backend-wayland"
version = "0.1.0"
dependencies = [
 "aurora-wall-backend-api",
 "aurora-wall-media-image",
]

[[package]]
name = "aurora-wall-backend-x11"
version = "0.1.0"
dependencies = [
 "aurora-wall-backend-api",
]

[[package]]
name = "aurora-wall-cli"
version = "0.1.0"
dependencies = [
 "aurora-wall-backend-api",
 "aurora-wall-config",
 "aurora-wall-daemon",
 "aurora-wall-ipc",
 "aurora-wall-state",
]

[[package]]
name = "aurora-wall-config"
version = "0.1.0"
dependencies = [
 "aurora-wall-backend-api",
]

[[package]]
name = "aurora-wall-daemon"
version = "0.1.0"
dependencies = [
 "aurora-wall-backend-api",
 "aurora-wall-backend-hyprland",
 "aurora-wall-config",
 "aurora-wall-state",
]

[[package]]
name = "aurora-wall-ipc"
version = "0.1.0"

[[package]]
name = "aurora-wall-media-image"
version = "0.1.0"

[[package]]
name = "aurora-wall-media-video"
version = "0.1.0"

[[package]]
name = "aurora-wall-state"
version = "0.1.0"
